
Microsoft Visual Studio Solution File, Format Version 12.00
# Visual Studio Version 16
VisualStudioVersion = 16.0.32802.440
MinimumVisualStudioVersion = 10.0.40219.1
Project("{FAE04EC0-301F-11D3-BF4B-00C04F79EFBC}") = "Итоговый проект за первый семестр", "Итоговый проект за первый семестр\Итоговый проект за первый семестр.csproj", "{DD0CCC9C-682D-460D-8A78-57989FB2EC80}"
EndProject
Global
	GlobalSection(SolutionConfigurationPlatforms) = preSolution
		Debug|Any CPU = Debug|Any CPU
		Release|Any CPU = Release|Any CPU
	EndGlobalSection
	GlobalSection(ProjectConfigurationPlatforms) = postSolution
		{DD0CCC9C-682D-460D-8A78-57989FB2EC80}.Debug|Any CPU.ActiveCfg = Debug|Any CPU
		{DD0CCC9C-682D-460D-8A78-57989FB2EC80}.Debug|Any CPU.Build.0 = Debug|Any CPU
		{DD0CCC9C-682D-460D-8A78-57989FB2EC80}.Release|Any CPU.ActiveCfg = Release|Any CPU
		{DD0CCC9C-682D-460D-8A78-57989FB2EC80}.Release|Any CPU.Build.0 = Release|Any CPU
	EndGlobalSection
	GlobalSection(SolutionProperties) = preSolution
		HideSolutionNode = FALSE
	EndGlobalSection
	GlobalSection(ExtensibilityGlobals) = postSolution
		SolutionGuid = {862CC1E4-01B5-422D-8FA4-C28F4B14FF4B}
	EndGlobalSection
EndGlobal
